
Microsoft Visual Studio Solution File, Format Version 12.00
# Visual Studio Version 16
VisualStudioVersion = 16.0.30104.148
MinimumVisualStudioVersion = 10.0.40219.1
Project("{9A19103F-16F7-4668-BE54-9A1E7A4F7556}") = "TLManageService", "TLManageService.csproj", "{7CFBC967-0F31-4F73-BBDF-02E33BFB4650}"
EndProject
Global
	GlobalSection(SolutionConfigurationPlatforms) = preSolution
		Debug|Any CPU = Debug|Any CPU
		Release|Any CPU = Release|Any CPU
	EndGlobalSection
	GlobalSection(ProjectConfigurationPlatforms) = postSolution
		{7CFBC967-0F31-4F73-BBDF-02E33BFB4650}.Debug|Any CPU.ActiveCfg = Debug|Any CPU
		{7CFBC967-0F31-4F73-BBDF-02E33BFB4650}.Debug|Any CPU.Build.0 = Debug|Any CPU
		{7CFBC967-0F31-4F73-BBDF-02E33BFB4650}.Release|Any CPU.ActiveCfg = Release|Any CPU
		{7CFBC967-0F31-4F73-BBDF-02E33BFB4650}.Release|Any CPU.Build.0 = Release|Any CPU
	EndGlobalSection
	GlobalSection(SolutionProperties) = preSolution
		HideSolutionNode = FALSE
	EndGlobalSection
	GlobalSection(ExtensibilityGlobals) = postSolution
		SolutionGuid = {0ED63627-BF5E-4210-8847-935990183E73}
	EndGlobalSection
EndGlobal
